
Microsoft Visual Studio Solution File, Format Version 12.00
# Visual Studio Version 17
VisualStudioVersion = 17.5.002.0
MinimumVisualStudioVersion = 10.0.40219.1
Project("{2150E333-8FDC-42A3-9474-1A3956D46DE8}") = "Projetos", "Projetos", "{4553DC71-F826-4971-B11B-DF96FD724221}"
EndProject
Project("{2150E333-8FDC-42A3-9474-1A3956D46DE8}") = "C#", "C#", "{FAA26241-EA8A-454D-9E33-C45B61FB6882}"
EndProject
Project("{9A19103F-16F7-4668-BE54-9A1E7A4F7556}") = "DIO.Bank", "Projetos\C#\DIO.Bank-main\DIO.Bank.csproj", "{07552817-D2F4-43D2-BC5D-0F08D16A39DE}"
EndProject
Global
	GlobalSection(SolutionConfigurationPlatforms) = preSolution
		Debug|Any CPU = Debug|Any CPU
		Release|Any CPU = Release|Any CPU
	EndGlobalSection
	GlobalSection(ProjectConfigurationPlatforms) = postSolution
		{07552817-D2F4-43D2-BC5D-0F08D16A39DE}.Debug|Any CPU.ActiveCfg = Debug|Any CPU
		{07552817-D2F4-43D2-BC5D-0F08D16A39DE}.Debug|Any CPU.Build.0 = Debug|Any CPU
		{07552817-D2F4-43D2-BC5D-0F08D16A39DE}.Release|Any CPU.ActiveCfg = Release|Any CPU
		{07552817-D2F4-43D2-BC5D-0F08D16A39DE}.Release|Any CPU.Build.0 = Release|Any CPU
	EndGlobalSection
	GlobalSection(SolutionProperties) = preSolution
		HideSolutionNode = FALSE
	EndGlobalSection
	GlobalSection(NestedProjects) = preSolution
		{FAA26241-EA8A-454D-9E33-C45B61FB6882} = {4553DC71-F826-4971-B11B-DF96FD724221}
		{07552817-D2F4-43D2-BC5D-0F08D16A39DE} = {FAA26241-EA8A-454D-9E33-C45B61FB6882}
	EndGlobalSection
	GlobalSection(ExtensibilityGlobals) = postSolution
		SolutionGuid = {C41C012F-21CD-43B2-85FB-A76C5A1A6675}
	EndGlobalSection
EndGlobal
